
Microsoft Visual Studio Solution File, Format Version 12.00
# Visual Studio 15
VisualStudioVersion = 15.0.28307.572
MinimumVisualStudioVersion = 10.0.40219.1
Project("{FAE04EC0-301F-11D3-BF4B-00C04F79EFBC}") = "ejemploBDD", "ejemploBDD\ejemploBDD.csproj", "{118E17C3-CC0C-4AA4-81E1-C1F0B8CC205B}"
EndProject
Global
	GlobalSection(SolutionConfigurationPlatforms) = preSolution
		Debug|Any CPU = Debug|Any CPU
		Release|Any CPU = Release|Any CPU
	EndGlobalSection
	GlobalSection(ProjectConfigurationPlatforms) = postSolution
		{118E17C3-CC0C-4AA4-81E1-C1F0B8CC205B}.Debug|Any CPU.ActiveCfg = Debug|Any CPU
		{118E17C3-CC0C-4AA4-81E1-C1F0B8CC205B}.Debug|Any CPU.Build.0 = Debug|Any CPU
		{118E17C3-CC0C-4AA4-81E1-C1F0B8CC205B}.Release|Any CPU.ActiveCfg = Release|Any CPU
		{118E17C3-CC0C-4AA4-81E1-C1F0B8CC205B}.Release|Any CPU.Build.0 = Release|Any CPU
	EndGlobalSection
	GlobalSection(SolutionProperties) = preSolution
		HideSolutionNode = FALSE
	EndGlobalSection
	GlobalSection(ExtensibilityGlobals) = postSolution
		SolutionGuid = {8AC35F7A-F8DA-4D0E-B02D-EF093E12588E}
	EndGlobalSection
EndGlobal
